// !$*UTF8*$!
{
	archiveVersion = 1;
	classes = {
	};
	objectVersion = 51;
	objects = {

/* Begin PBXBuildFile section */
		7662A0192657A473008E8731 /* AppDelegate.m in Sources */ = {isa = PBXBuildFile; fileRef = 7662A0182657A473008E8731 /* AppDelegate.m */; };
		7662A0242657A476008E8731 /* Assets.xcassets in Resources */ = {isa = PBXBuildFile; fileRef = 7662A0232657A476008E8731 /* Assets.xcassets */; };
		7662A0272657A476008E8731 /* LaunchScreen.storyboard in Resources */ = {isa = PBXBuildFile; fileRef = 7662A0252657A476008E8731 /* LaunchScreen.storyboard */; };
		7662A02A2657A476008E8731 /* main.m in Sources */ = {isa = PBXBuildFile; fileRef = 7662A0292657A476008E8731 /* main.m */; };
		7662A0342657A476008E8731 /* DensityTests.m in Sources */ = {isa = PBXBuildFile; fileRef = 7662A0332657A476008E8731 /* DensityTests.m */; };
		7662A03F2657A476008E8731 /* DensityUITests.m in Sources */ = {isa = PBXBuildFile; fileRef = 7662A03E2657A476008E8731 /* DensityUITests.m */; };
		7662A0772657A4F3008E8731 /* MDChatViewController.m in Sources */ = {isa = PBXBuildFile; fileRef = 7662A0662657A4F3008E8731 /* MDChatViewController.m */; };
		7662A0782657A4F3008E8731 /* MDRootViewController.m in Sources */ = {isa = PBXBuildFile; fileRef = 7662A06A2657A4F3008E8731 /* MDRootViewController.m */; };
		7662A0792657A4F3008E8731 /* MDBaseViewController.m in Sources */ = {isa = PBXBuildFile; fileRef = 7662A06B2657A4F3008E8731 /* MDBaseViewController.m */; };
		7662A07A2657A4F3008E8731 /* MDBaseTabBarController.m in Sources */ = {isa = PBXBuildFile; fileRef = 7662A06C2657A4F3008E8731 /* MDBaseTabBarController.m */; };
		7662A07B2657A4F3008E8731 /* MDBaseNavigationController.m in Sources */ = {isa = PBXBuildFile; fileRef = 7662A06D2657A4F3008E8731 /* MDBaseNavigationController.m */; };
		7662A07C2657A4F3008E8731 /* MDRecordViewController.m in Sources */ = {isa = PBXBuildFile; fileRef = 7662A0732657A4F3008E8731 /* MDRecordViewController.m */; };
		7662A07D2657A4F3008E8731 /* MDWordViewController.m in Sources */ = {isa = PBXBuildFile; fileRef = 7662A0752657A4F3008E8731 /* MDWordViewController.m */; };
		768192E6265B4B54007DD13F /* MDTabBarTransitionDelegate.m in Sources */ = {isa = PBXBuildFile; fileRef = 768192E5265B4B54007DD13F /* MDTabBarTransitionDelegate.m */; };
		768192EC265B4B6E007DD13F /* MDTabBarTransition.m in Sources */ = {isa = PBXBuildFile; fileRef = 768192EB265B4B6E007DD13F /* MDTabBarTransition.m */; };
		768193AB265B915C007DD13F /* MDRecordTableViewCell.m in Sources */ = {isa = PBXBuildFile; fileRef = 768193AA265B915C007DD13F /* MDRecordTableViewCell.m */; };
		768193B4265B96C2007DD13F /* MDRecordTableViewCellTitleView.m in Sources */ = {isa = PBXBuildFile; fileRef = 768193B3265B96C2007DD13F /* MDRecordTableViewCellTitleView.m */; };
		768193C4265B9E92007DD13F /* MDRecordTableViewModel.m in Sources */ = {isa = PBXBuildFile; fileRef = 768193C3265B9E92007DD13F /* MDRecordTableViewModel.m */; };
		768193CA265B9EBF007DD13F /* MDRecordViewModel.m in Sources */ = {isa = PBXBuildFile; fileRef = 768193C9265B9EBF007DD13F /* MDRecordViewModel.m */; };
		768193D0265B9ED1007DD13F /* MDRecordModel.m in Sources */ = {isa = PBXBuildFile; fileRef = 768193CF265B9ED1007DD13F /* MDRecordModel.m */; };
		768193D6265BA3C6007DD13F /* MDRecordTableViewCellInterflowView.m in Sources */ = {isa = PBXBuildFile; fileRef = 768193D5265BA3C6007DD13F /* MDRecordTableViewCellInterflowView.m */; };
		768193E2265BA460007DD13F /* MDRecordTableViewCellInputBoxView.m in Sources */ = {isa = PBXBuildFile; fileRef = 768193E1265BA460007DD13F /* MDRecordTableViewCellInputBoxView.m */; };
		768193E9265BA55A007DD13F /* MDRecordCommentView.m in Sources */ = {isa = PBXBuildFile; fileRef = 768193E8265BA55A007DD13F /* MDRecordCommentView.m */; };
		7681941A265BB3F6007DD13F /* MDPhotoBrowserModel.m in Sources */ = {isa = PBXBuildFile; fileRef = 76819419265BB3F6007DD13F /* MDPhotoBrowserModel.m */; };
		76819420265BB452007DD13F /* MDPhotoBrowserConfigure.m in Sources */ = {isa = PBXBuildFile; fileRef = 7681941F265BB452007DD13F /* MDPhotoBrowserConfigure.m */; };
		76819472265CE1DB007DD13F /* MDPhotoBrowserViewCell.m in Sources */ = {isa = PBXBuildFile; fileRef = 76819471265CE1DB007DD13F /* MDPhotoBrowserViewCell.m */; };
		768194A2265D109B007DD13F /* MDRecordTableViewBaseCell.m in Sources */ = {isa = PBXBuildFile; fileRef = 768194A1265D109B007DD13F /* MDRecordTableViewBaseCell.m */; };
		768194A8265D1257007DD13F /* MDRecordTableViewPhotoBrowserCell.m in Sources */ = {isa = PBXBuildFile; fileRef = 768194A7265D1257007DD13F /* MDRecordTableViewPhotoBrowserCell.m */; };
		768194DC265DFD2C007DD13F /* MDPhotoBrowserViewPlayManager.m in Sources */ = {isa = PBXBuildFile; fileRef = 768194DB265DFD2C007DD13F /* MDPhotoBrowserViewPlayManager.m */; };
		7681954C265E4B5D007DD13F /* MDPhotoBrowserCollectionView.m in Sources */ = {isa = PBXBuildFile; fileRef = 7681954B265E4B5D007DD13F /* MDPhotoBrowserCollectionView.m */; };
		76819552265E50B0007DD13F /* MDRecordTableViewInterflowCell.m in Sources */ = {isa = PBXBuildFile; fileRef = 76819551265E50B0007DD13F /* MDRecordTableViewInterflowCell.m */; };
		76819558265E5EC3007DD13F /* MDRecordTableViewCommentCell.m in Sources */ = {isa = PBXBuildFile; fileRef = 76819557265E5EC3007DD13F /* MDRecordTableViewCommentCell.m */; };
		E3E7EB37AC426257B59446D9 /* libPods-Density.a in Frameworks */ = {isa = PBXBuildFile; fileRef = 1735ABD5EE36A5B19CE94893 /* libPods-Density.a */; };
/* End PBXBuildFile section */

/* Begin PBXContainerItemProxy section */
		7662A0302657A476008E8731 /* PBXContainerItemProxy */ = {
			isa = PBXContainerItemProxy;
			containerPortal = 7662A00C2657A473008E8731 /* Project object */;
			proxyType = 1;
			remoteGlobalIDString = 7662A0132657A473008E8731;
			remoteInfo = Density;
		};
		7662A03B2657A476008E8731 /* PBXContainerItemProxy */ = {
			isa = PBXContainerItemProxy;
			containerPortal = 7662A00C2657A473008E8731 /* Project object */;
			proxyType = 1;
			remoteGlobalIDString = 7662A0132657A473008E8731;
			remoteInfo = Density;
		};
/* End PBXContainerItemProxy section */

/* Begin PBXFileReference section */
		1735ABD5EE36A5B19CE94893 /* libPods-Density.a */ = {isa = PBXFileReference; explicitFileType = archive.ar; includeInIndex = 0; path = "libPods-Density.a"; sourceTree = BUILT_PRODUCTS_DIR; };
		7662A0142657A473008E8731 /* Density.app */ = {isa = PBXFileReference; explicitFileType = wrapper.application; includeInIndex = 0; path = Density.app; sourceTree = BUILT_PRODUCTS_DIR; };
		7662A0172657A473008E8731 /* AppDelegate.h */ = {isa = PBXFileReference; lastKnownFileType = sourcecode.c.h; path = AppDelegate.h; sourceTree = "<group>"; };
		7662A0182657A473008E8731 /* AppDelegate.m */ = {isa = PBXFileReference; lastKnownFileType = sourcecode.c.objc; path = AppDelegate.m; sourceTree = "<group>"; };
		7662A0232657A476008E8731 /* Assets.xcassets */ = {isa = PBXFileReference; lastKnownFileType = folder.assetcatalog; path = Assets.xcassets; sourceTree = "<group>"; };
		7662A0262657A476008E8731 /* Base */ = {isa = PBXFileReference; lastKnownFileType = file.storyboard; name = Base; path = Base.lproj/LaunchScreen.storyboard; sourceTree = "<group>"; };
		7662A0282657A476008E8731 /* Info.plist */ = {isa = PBXFileReference; lastKnownFileType = text.plist.xml; path = Info.plist; sourceTree = "<group>"; };
		7662A0292657A476008E8731 /* main.m */ = {isa = PBXFileReference; lastKnownFileType = sourcecode.c.objc; path = main.m; sourceTree = "<group>"; };
		7662A02F2657A476008E8731 /* DensityTests.xctest */ = {isa = PBXFileReference; explicitFileType = wrapper.cfbundle; includeInIndex = 0; path = DensityTests.xctest; sourceTree = BUILT_PRODUCTS_DIR; };
		7662A0332657A476008E8731 /* DensityTests.m */ = {isa = PBXFileReference; lastKnownFileType = sourcecode.c.objc; path = DensityTests.m; sourceTree = "<group>"; };
		7662A0352657A476008E8731 /* Info.plist */ = {isa = PBXFileReference; lastKnownFileType = text.plist.xml; path = Info.plist; sourceTree = "<group>"; };
		7662A03A2657A476008E8731 /* DensityUITests.xctest */ = {isa = PBXFileReference; explicitFileType = wrapper.cfbundle; includeInIndex = 0; path = DensityUITests.xctest; sourceTree = BUILT_PRODUCTS_DIR; };
		7662A03E2657A476008E8731 /* DensityUITests.m */ = {isa = PBXFileReference; lastKnownFileType = sourcecode.c.objc; path = DensityUITests.m; sourceTree = "<group>"; };
		7662A0402657A476008E8731 /* Info.plist */ = {isa = PBXFileReference; lastKnownFileType = text.plist.xml; path = Info.plist; sourceTree = "<group>"; };
		7662A0662657A4F3008E8731 /* MDChatViewController.m */ = {isa = PBXFileReference; fileEncoding = 4; lastKnownFileType = sourcecode.c.objc; path = MDChatViewController.m; sourceTree = "<group>"; };
		7662A0672657A4F3008E8731 /* MDChatViewController.h */ = {isa = PBXFileReference; fileEncoding = 4; lastKnownFileType = sourcecode.c.h; path = MDChatViewController.h; sourceTree = "<group>"; };
		7662A0692657A4F3008E8731 /* MDBaseNavigationController.h */ = {isa = PBXFileReference; fileEncoding = 4; lastKnownFileType = sourcecode.c.h; path = MDBaseNavigationController.h; sourceTree = "<group>"; };
		7662A06A2657A4F3008E8731 /* MDRootViewController.m */ = {isa = PBXFileReference; fileEncoding = 4; lastKnownFileType = sourcecode.c.objc; path = MDRootViewController.m; sourceTree = "<group>"; };
		7662A06B2657A4F3008E8731 /* MDBaseViewController.m */ = {isa = PBXFileReference; fileEncoding = 4; lastKnownFileType = sourcecode.c.objc; path = MDBaseViewController.m; sourceTree = "<group>"; };
		7662A06C2657A4F3008E8731 /* MDBaseTabBarController.m */ = {isa = PBXFileReference; fileEncoding = 4; lastKnownFileType = sourcecode.c.objc; path = MDBaseTabBarController.m; sourceTree = "<group>"; };
		7662A06D2657A4F3008E8731 /* MDBaseNavigationController.m */ = {isa = PBXFileReference; fileEncoding = 4; lastKnownFileType = sourcecode.c.objc; path = MDBaseNavigationController.m; sourceTree = "<group>"; };
		7662A06E2657A4F3008E8731 /* MDRootViewController.h */ = {isa = PBXFileReference; fileEncoding = 4; lastKnownFileType = sourcecode.c.h; path = MDRootViewController.h; sourceTree = "<group>"; };
		7662A06F2657A4F3008E8731 /* MDBaseTabBarController.h */ = {isa = PBXFileReference; fileEncoding = 4; lastKnownFileType = sourcecode.c.h; path = MDBaseTabBarController.h; sourceTree = "<group>"; };
		7662A0702657A4F3008E8731 /* MDBaseViewController.h */ = {isa = PBXFileReference; fileEncoding = 4; lastKnownFileType = sourcecode.c.h; path = MDBaseViewController.h; sourceTree = "<group>"; };
		7662A0722657A4F3008E8731 /* MDRecordViewController.h */ = {isa = PBXFileReference; fileEncoding = 4; lastKnownFileType = sourcecode.c.h; path = MDRecordViewController.h; sourceTree = "<group>"; };
		7662A0732657A4F3008E8731 /* MDRecordViewController.m */ = {isa = PBXFileReference; fileEncoding = 4; lastKnownFileType = sourcecode.c.objc; path = MDRecordViewController.m; sourceTree = "<group>"; };
		7662A0752657A4F3008E8731 /* MDWordViewController.m */ = {isa = PBXFileReference; fileEncoding = 4; lastKnownFileType = sourcecode.c.objc; path = MDWordViewController.m; sourceTree = "<group>"; };
		7662A0762657A4F3008E8731 /* MDWordViewController.h */ = {isa = PBXFileReference; fileEncoding = 4; lastKnownFileType = sourcecode.c.h; path = MDWordViewController.h; sourceTree = "<group>"; };
		7662A0D42657C8D5008E8731 /* MDPrefixHeader.pch */ = {isa = PBXFileReference; lastKnownFileType = sourcecode.c.h; path = MDPrefixHeader.pch; sourceTree = "<group>"; };
		768192E4265B4B54007DD13F /* MDTabBarTransitionDelegate.h */ = {isa = PBXFileReference; lastKnownFileType = sourcecode.c.h; path = MDTabBarTransitionDelegate.h; sourceTree = "<group>"; };
		768192E5265B4B54007DD13F /* MDTabBarTransitionDelegate.m */ = {isa = PBXFileReference; lastKnownFileType = sourcecode.c.objc; path = MDTabBarTransitionDelegate.m; sourceTree = "<group>"; };
		768192EA265B4B6E007DD13F /* MDTabBarTransition.h */ = {isa = PBXFileReference; lastKnownFileType = sourcecode.c.h; path = MDTabBarTransition.h; sourceTree = "<group>"; };
		768192EB265B4B6E007DD13F /* MDTabBarTransition.m */ = {isa = PBXFileReference; lastKnownFileType = sourcecode.c.objc; path = MDTabBarTransition.m; sourceTree = "<group>"; };
		768193A9265B915C007DD13F /* MDRecordTableViewCell.h */ = {isa = PBXFileReference; lastKnownFileType = sourcecode.c.h; path = MDRecordTableViewCell.h; sourceTree = "<group>"; };
		768193AA265B915C007DD13F /* MDRecordTableViewCell.m */ = {isa = PBXFileReference; lastKnownFileType = sourcecode.c.objc; path = MDRecordTableViewCell.m; sourceTree = "<group>"; };
		768193B2265B96C2007DD13F /* MDRecordTableViewCellTitleView.h */ = {isa = PBXFileReference; lastKnownFileType = sourcecode.c.h; path = MDRecordTableViewCellTitleView.h; sourceTree = "<group>"; };
		768193B3265B96C2007DD13F /* MDRecordTableViewCellTitleView.m */ = {isa = PBXFileReference; lastKnownFileType = sourcecode.c.objc; path = MDRecordTableViewCellTitleView.m; sourceTree = "<group>"; };
		768193C2265B9E92007DD13F /* MDRecordTableViewModel.h */ = {isa = PBXFileReference; lastKnownFileType = sourcecode.c.h; path = MDRecordTableViewModel.h; sourceTree = "<group>"; };
		768193C3265B9E92007DD13F /* MDRecordTableViewModel.m */ = {isa = PBXFileReference; lastKnownFileType = sourcecode.c.objc; path = MDRecordTableViewModel.m; sourceTree = "<group>"; };
		768193C8265B9EBF007DD13F /* MDRecordViewModel.h */ = {isa = PBXFileReference; lastKnownFileType = sourcecode.c.h; path = MDRecordViewModel.h; sourceTree = "<group>"; };
		768193C9265B9EBF007DD13F /* MDRecordViewModel.m */ = {isa = PBXFileReference; lastKnownFileType = sourcecode.c.objc; path = MDRecordViewModel.m; sourceTree = "<group>"; };
		768193CE265B9ED1007DD13F /* MDRecordModel.h */ = {isa = PBXFileReference; lastKnownFileType = sourcecode.c.h; path = MDRecordModel.h; sourceTree = "<group>"; };
		768193CF265B9ED1007DD13F /* MDRecordModel.m */ = {isa = PBXFileReference; lastKnownFileType = sourcecode.c.objc; path = MDRecordModel.m; sourceTree = "<group>"; };
		768193D4265BA3C6007DD13F /* MDRecordTableViewCellInterflowView.h */ = {isa = PBXFileReference; lastKnownFileType = sourcecode.c.h; path = MDRecordTableViewCellInterflowView.h; sourceTree = "<group>"; };
		768193D5265BA3C6007DD13F /* MDRecordTableViewCellInterflowView.m */ = {isa = PBXFileReference; lastKnownFileType = sourcecode.c.objc; path = MDRecordTableViewCellInterflowView.m; sourceTree = "<group>"; };
		768193E0265BA460007DD13F /* MDRecordTableViewCellInputBoxView.h */ = {isa = PBXFileReference; lastKnownFileType = sourcecode.c.h; path = MDRecordTableViewCellInputBoxView.h; sourceTree = "<group>"; };
		768193E1265BA460007DD13F /* MDRecordTableViewCellInputBoxView.m */ = {isa = PBXFileReference; lastKnownFileType = sourcecode.c.objc; path = MDRecordTableViewCellInputBoxView.m; sourceTree = "<group>"; };
		768193E7265BA55A007DD13F /* MDRecordCommentView.h */ = {isa = PBXFileReference; lastKnownFileType = sourcecode.c.h; path = MDRecordCommentView.h; sourceTree = "<group>"; };
		768193E8265BA55A007DD13F /* MDRecordCommentView.m */ = {isa = PBXFileReference; lastKnownFileType = sourcecode.c.objc; path = MDRecordCommentView.m; sourceTree = "<group>"; };
		76819418265BB3F6007DD13F /* MDPhotoBrowserModel.h */ = {isa = PBXFileReference; lastKnownFileType = sourcecode.c.h; path = MDPhotoBrowserModel.h; sourceTree = "<group>"; };
		76819419265BB3F6007DD13F /* MDPhotoBrowserModel.m */ = {isa = PBXFileReference; lastKnownFileType = sourcecode.c.objc; path = MDPhotoBrowserModel.m; sourceTree = "<group>"; };
		7681941E265BB452007DD13F /* MDPhotoBrowserConfigure.h */ = {isa = PBXFileReference; lastKnownFileType = sourcecode.c.h; path = MDPhotoBrowserConfigure.h; sourceTree = "<group>"; };
		7681941F265BB452007DD13F /* MDPhotoBrowserConfigure.m */ = {isa = PBXFileReference; lastKnownFileType = sourcecode.c.objc; path = MDPhotoBrowserConfigure.m; sourceTree = "<group>"; };
		76819470265CE1DB007DD13F /* MDPhotoBrowserViewCell.h */ = {isa = PBXFileReference; lastKnownFileType = sourcecode.c.h; path = MDPhotoBrowserViewCell.h; sourceTree = "<group>"; };
		76819471265CE1DB007DD13F /* MDPhotoBrowserViewCell.m */ = {isa = PBXFileReference; lastKnownFileType = sourcecode.c.objc; path = MDPhotoBrowserViewCell.m; sourceTree = "<group>"; };
		768194A0265D109B007DD13F /* MDRecordTableViewBaseCell.h */ = {isa = PBXFileReference; lastKnownFileType = sourcecode.c.h; path = MDRecordTableViewBaseCell.h; sourceTree = "<group>"; };
		768194A1265D109B007DD13F /* MDRecordTableViewBaseCell.m */ = {isa = PBXFileReference; lastKnownFileType = sourcecode.c.objc; path = MDRecordTableViewBaseCell.m; sourceTree = "<group>"; };
		768194A6265D1257007DD13F /* MDRecordTableViewPhotoBrowserCell.h */ = {isa = PBXFileReference; lastKnownFileType = sourcecode.c.h; path = MDRecordTableViewPhotoBrowserCell.h; sourceTree = "<group>"; };
		768194A7265D1257007DD13F /* MDRecordTableViewPhotoBrowserCell.m */ = {isa = PBXFileReference; lastKnownFileType = sourcecode.c.objc; path = MDRecordTableViewPhotoBrowserCell.m; sourceTree = "<group>"; };
		768194DA265DFD2C007DD13F /* MDPhotoBrowserViewPlayManager.h */ = {isa = PBXFileReference; lastKnownFileType = sourcecode.c.h; path = MDPhotoBrowserViewPlayManager.h; sourceTree = "<group>"; };
		768194DB265DFD2C007DD13F /* MDPhotoBrowserViewPlayManager.m */ = {isa = PBXFileReference; lastKnownFileType = sourcecode.c.objc; path = MDPhotoBrowserViewPlayManager.m; sourceTree = "<group>"; };
		7681954A265E4B5D007DD13F /* MDPhotoBrowserCollectionView.h */ = {isa = PBXFileReference; lastKnownFileType = sourcecode.c.h; path = MDPhotoBrowserCollectionView.h; sourceTree = "<group>"; };
		7681954B265E4B5D007DD13F /* MDPhotoBrowserCollectionView.m */ = {isa = PBXFileReference; lastKnownFileType = sourcecode.c.objc; path = MDPhotoBrowserCollectionView.m; sourceTree = "<group>"; };
		76819550265E50B0007DD13F /* MDRecordTableViewInterflowCell.h */ = {isa = PBXFileReference; lastKnownFileType = sourcecode.c.h; path = MDRecordTableViewInterflowCell.h; sourceTree = "<group>"; };
		76819551265E50B0007DD13F /* MDRecordTableViewInterflowCell.m */ = {isa = PBXFileReference; lastKnownFileType = sourcecode.c.objc; path = MDRecordTableViewInterflowCell.m; sourceTree = "<group>"; };
		76819556265E5EC3007DD13F /* MDRecordTableViewCommentCell.h */ = {isa = PBXFileReference; lastKnownFileType = sourcecode.c.h; path = MDRecordTableViewCommentCell.h; sourceTree = "<group>"; };
		76819557265E5EC3007DD13F /* MDRecordTableViewCommentCell.m */ = {isa = PBXFileReference; lastKnownFileType = sourcecode.c.objc; path = MDRecordTableViewCommentCell.m; sourceTree = "<group>"; };
		BC0F6E51069E5B77730111B3 /* Pods-Density.release.xcconfig */ = {isa = PBXFileReference; includeInIndex = 1; lastKnownFileType = text.xcconfig; name = "Pods-Density.release.xcconfig"; path = "Target Support Files/Pods-Density/Pods-Density.release.xcconfig"; sourceTree = "<group>"; };
		BF5E900096F4F4DF5476B37D /* Pods-Density.debug.xcconfig */ = {isa = PBXFileReference; includeInIndex = 1; lastKnownFileType = text.xcconfig; name = "Pods-Density.debug.xcconfig"; path = "Target Support Files/Pods-Density/Pods-Density.debug.xcconfig"; sourceTree = "<group>"; };
/* End PBXFileReference section */

/* Begin PBXFrameworksBuildPhase section */
		7662A0112657A473008E8731 /* Frameworks */ = {
			isa = PBXFrameworksBuildPhase;
			buildActionMask = 2147483647;
			files = (
				E3E7EB37AC426257B59446D9 /* libPods-Density.a in Frameworks */,
			);
			runOnlyForDeploymentPostprocessing = 0;
		};
		7662A02C2657A476008E8731 /* Frameworks */ = {
			isa = PBXFrameworksBuildPhase;
			buildActionMask = 2147483647;
			files = (
			);
			runOnlyForDeploymentPostprocessing = 0;
		};
		7662A0372657A476008E8731 /* Frameworks */ = {
			isa = PBXFrameworksBuildPhase;
			buildActionMask = 2147483647;
			files = (
			);
			runOnlyForDeploymentPostprocessing = 0;
		};
/* End PBXFrameworksBuildPhase section */

/* Begin PBXGroup section */
		7662A00B2657A473008E8731 = {
			isa = PBXGroup;
			children = (
				7662A0162657A473008E8731 /* Density */,
				7662A0322657A476008E8731 /* DensityTests */,
				7662A03D2657A476008E8731 /* DensityUITests */,
				7662A0152657A473008E8731 /* Products */,
				FF9936B806EB11281646B131 /* Pods */,
				78BC5DFC91F7B66A8EBFA3BD /* Frameworks */,
			);
			sourceTree = "<group>";
		};
		7662A0152657A473008E8731 /* Products */ = {
			isa = PBXGroup;
			children = (
				7662A0142657A473008E8731 /* Density.app */,
				7662A02F2657A476008E8731 /* DensityTests.xctest */,
				7662A03A2657A476008E8731 /* DensityUITests.xctest */,
			);
			name = Products;
			sourceTree = "<group>";
		};
		7662A0162657A473008E8731 /* Density */ = {
			isa = PBXGroup;
			children = (
				7681931E265B576E007DD13F /* MainInfos */,
				7681931D265B574C007DD13F /* Tools */,
				7681931C265B573C007DD13F /* Sections */,
				7681931B265B5733007DD13F /* Commons */,
				7681931A265B572B007DD13F /* Resource */,
				76819319265B56EF007DD13F /* Base */,
			);
			path = Density;
			sourceTree = "<group>";
		};
		7662A0322657A476008E8731 /* DensityTests */ = {
			isa = PBXGroup;
			children = (
				7662A0332657A476008E8731 /* DensityTests.m */,
				7662A0352657A476008E8731 /* Info.plist */,
			);
			path = DensityTests;
			sourceTree = "<group>";
		};
		7662A03D2657A476008E8731 /* DensityUITests */ = {
			isa = PBXGroup;
			children = (
				7662A03E2657A476008E8731 /* DensityUITests.m */,
				7662A0402657A476008E8731 /* Info.plist */,
			);
			path = DensityUITests;
			sourceTree = "<group>";
		};
		7662A0652657A4F3008E8731 /* Chat */ = {
			isa = PBXGroup;
			children = (
				7662A0662657A4F3008E8731 /* MDChatViewController.m */,
				7662A0672657A4F3008E8731 /* MDChatViewController.h */,
			);
			path = Chat;
			sourceTree = "<group>";
		};
		7662A0682657A4F3008E8731 /* BaseController */ = {
			isa = PBXGroup;
			children = (
				7681932A265B5878007DD13F /* BaseTabBar */,
				7662A0702657A4F3008E8731 /* MDBaseViewController.h */,
				7662A06B2657A4F3008E8731 /* MDBaseViewController.m */,
				7662A0692657A4F3008E8731 /* MDBaseNavigationController.h */,
				7662A06D2657A4F3008E8731 /* MDBaseNavigationController.m */,
				7662A06E2657A4F3008E8731 /* MDRootViewController.h */,
				7662A06A2657A4F3008E8731 /* MDRootViewController.m */,
			);
			path = BaseController;
			sourceTree = "<group>";
		};
		7662A0712657A4F3008E8731 /* Record */ = {
			isa = PBXGroup;
			children = (
				7681938B265B87D5007DD13F /* Secondary */,
				7681938A265B87CC007DD13F /* Main */,
			);
			path = Record;
			sourceTree = "<group>";
		};
		7662A0742657A4F3008E8731 /* Word */ = {
			isa = PBXGroup;
			children = (
				7662A0752657A4F3008E8731 /* MDWordViewController.m */,
				7662A0762657A4F3008E8731 /* MDWordViewController.h */,
			);
			path = Word;
			sourceTree = "<group>";
		};
		76819319265B56EF007DD13F /* Base */ = {
			isa = PBXGroup;
			children = (
				7662A0682657A4F3008E8731 /* BaseController */,
			);
			path = Base;
			sourceTree = "<group>";
		};
		7681931A265B572B007DD13F /* Resource */ = {
			isa = PBXGroup;
			children = (
				7662A0232657A476008E8731 /* Assets.xcassets */,
			);
			path = Resource;
			sourceTree = "<group>";
		};
		7681931B265B5733007DD13F /* Commons */ = {
			isa = PBXGroup;
			children = (
				76819411265BB28E007DD13F /* MDPhotoBrowser */,
				7662A0D42657C8D5008E8731 /* MDPrefixHeader.pch */,
			);
			path = Commons;
			sourceTree = "<group>";
		};
		7681931C265B573C007DD13F /* Sections */ = {
			isa = PBXGroup;
			children = (
				7662A0652657A4F3008E8731 /* Chat */,
				7662A0712657A4F3008E8731 /* Record */,
				7662A0742657A4F3008E8731 /* Word */,
			);
			path = Sections;
			sourceTree = "<group>";
		};
		7681931D265B574C007DD13F /* Tools */ = {
			isa = PBXGroup;
			children = (
			);
			path = Tools;
			sourceTree = "<group>";
		};
		7681931E265B576E007DD13F /* MainInfos */ = {
			isa = PBXGroup;
			children = (
				7662A0172657A473008E8731 /* AppDelegate.h */,
				7662A0182657A473008E8731 /* AppDelegate.m */,
				7662A0252657A476008E8731 /* LaunchScreen.storyboard */,
				7662A0282657A476008E8731 /* Info.plist */,
				7662A0292657A476008E8731 /* main.m */,
			);
			path = MainInfos;
			sourceTree = "<group>";
		};
		7681932A265B5878007DD13F /* BaseTabBar */ = {
			isa = PBXGroup;
			children = (
				7662A06F2657A4F3008E8731 /* MDBaseTabBarController.h */,
				7662A06C2657A4F3008E8731 /* MDBaseTabBarController.m */,
				768192E4265B4B54007DD13F /* MDTabBarTransitionDelegate.h */,
				768192E5265B4B54007DD13F /* MDTabBarTransitionDelegate.m */,
				768192EA265B4B6E007DD13F /* MDTabBarTransition.h */,
				768192EB265B4B6E007DD13F /* MDTabBarTransition.m */,
			);
			path = BaseTabBar;
			sourceTree = "<group>";
		};
		76819381265B8659007DD13F /* Model */ = {
			isa = PBXGroup;
			children = (
				768193CE265B9ED1007DD13F /* MDRecordModel.h */,
				768193CF265B9ED1007DD13F /* MDRecordModel.m */,
			);
			path = Model;
			sourceTree = "<group>";
		};
		76819382265B866F007DD13F /* ViewModel */ = {
			isa = PBXGroup;
			children = (
				768193C2265B9E92007DD13F /* MDRecordTableViewModel.h */,
				768193C3265B9E92007DD13F /* MDRecordTableViewModel.m */,
				768193C8265B9EBF007DD13F /* MDRecordViewModel.h */,
				768193C9265B9EBF007DD13F /* MDRecordViewModel.m */,
			);
			path = ViewModel;
			sourceTree = "<group>";
		};
		76819383265B8676007DD13F /* View */ = {
			isa = PBXGroup;
			children = (
				768193E6265BA534007DD13F /* CommentView */,
				7662A0722657A4F3008E8731 /* MDRecordViewController.h */,
				7662A0732657A4F3008E8731 /* MDRecordViewController.m */,
				768193A8265B913B007DD13F /* RecordTableViewCell */,
			);
			path = View;
			sourceTree = "<group>";
		};
		7681938A265B87CC007DD13F /* Main */ = {
			isa = PBXGroup;
			children = (
				76819383265B8676007DD13F /* View */,
				76819382265B866F007DD13F /* ViewModel */,
				76819381265B8659007DD13F /* Model */,
			);
			path = Main;
			sourceTree = "<group>";
		};
		7681938B265B87D5007DD13F /* Secondary */ = {
			isa = PBXGroup;
			children = (
				7681938E265B87EE007DD13F /* Model */,
				7681938D265B87E9007DD13F /* View */,
				7681938C265B87E2007DD13F /* ViewModel */,
			);
			path = Secondary;
			sourceTree = "<group>";
		};
		7681938C265B87E2007DD13F /* ViewModel */ = {
			isa = PBXGroup;
			children = (
			);
			path = ViewModel;
			sourceTree = "<group>";
		};
		7681938D265B87E9007DD13F /* View */ = {
			isa = PBXGroup;
			children = (
			);
			path = View;
			sourceTree = "<group>";
		};
		7681938E265B87EE007DD13F /* Model */ = {
			isa = PBXGroup;
			children = (
			);
			path = Model;
			sourceTree = "<group>";
		};
		768193A8265B913B007DD13F /* RecordTableViewCell */ = {
			isa = PBXGroup;
			children = (
				768193A9265B915C007DD13F /* MDRecordTableViewCell.h */,
				768193AA265B915C007DD13F /* MDRecordTableViewCell.m */,
				768193B2265B96C2007DD13F /* MDRecordTableViewCellTitleView.h */,
				768193B3265B96C2007DD13F /* MDRecordTableViewCellTitleView.m */,
				768193D4265BA3C6007DD13F /* MDRecordTableViewCellInterflowView.h */,
				768193D5265BA3C6007DD13F /* MDRecordTableViewCellInterflowView.m */,
				768193E0265BA460007DD13F /* MDRecordTableViewCellInputBoxView.h */,
				768193E1265BA460007DD13F /* MDRecordTableViewCellInputBoxView.m */,
				768194A0265D109B007DD13F /* MDRecordTableViewBaseCell.h */,
				768194A1265D109B007DD13F /* MDRecordTableViewBaseCell.m */,
				768194A6265D1257007DD13F /* MDRecordTableViewPhotoBrowserCell.h */,
				768194A7265D1257007DD13F /* MDRecordTableViewPhotoBrowserCell.m */,
				76819550265E50B0007DD13F /* MDRecordTableViewInterflowCell.h */,
				76819551265E50B0007DD13F /* MDRecordTableViewInterflowCell.m */,
				76819556265E5EC3007DD13F /* MDRecordTableViewCommentCell.h */,
				76819557265E5EC3007DD13F /* MDRecordTableViewCommentCell.m */,
			);
			path = RecordTableViewCell;
			sourceTree = "<group>";
		};
		768193E6265BA534007DD13F /* CommentView */ = {
			isa = PBXGroup;
			children = (
				768193E7265BA55A007DD13F /* MDRecordCommentView.h */,
				768193E8265BA55A007DD13F /* MDRecordCommentView.m */,
			);
			path = CommentView;
			sourceTree = "<group>";
		};
		76819411265BB28E007DD13F /* MDPhotoBrowser */ = {
			isa = PBXGroup;
			children = (
				76819470265CE1DB007DD13F /* MDPhotoBrowserViewCell.h */,
				76819471265CE1DB007DD13F /* MDPhotoBrowserViewCell.m */,
				7681954A265E4B5D007DD13F /* MDPhotoBrowserCollectionView.h */,
				7681954B265E4B5D007DD13F /* MDPhotoBrowserCollectionView.m */,
				76819418265BB3F6007DD13F /* MDPhotoBrowserModel.h */,
				76819419265BB3F6007DD13F /* MDPhotoBrowserModel.m */,
				7681941E265BB452007DD13F /* MDPhotoBrowserConfigure.h */,
				7681941F265BB452007DD13F /* MDPhotoBrowserConfigure.m */,
				768194DA265DFD2C007DD13F /* MDPhotoBrowserViewPlayManager.h */,
				768194DB265DFD2C007DD13F /* MDPhotoBrowserViewPlayManager.m */,
			);
			path = MDPhotoBrowser;
			sourceTree = "<group>";
		};
		78BC5DFC91F7B66A8EBFA3BD /* Frameworks */ = {
			isa = PBXGroup;
			children = (
				1735ABD5EE36A5B19CE94893 /* libPods-Density.a */,
			);
			name = Frameworks;
			sourceTree = "<group>";
		};
		FF9936B806EB11281646B131 /* Pods */ = {
			isa = PBXGroup;
			children = (
				BF5E900096F4F4DF5476B37D /* Pods-Density.debug.xcconfig */,
				BC0F6E51069E5B77730111B3 /* Pods-Density.release.xcconfig */,
			);
			path = Pods;
			sourceTree = "<group>";
		};
/* End PBXGroup section */

/* Begin PBXNativeTarget section */
		7662A0132657A473008E8731 /* Density */ = {
			isa = PBXNativeTarget;
			buildConfigurationList = 7662A0432657A476008E8731 /* Build configuration list for PBXNativeTarget "Density" */;
			buildPhases = (
				637FE07D6E1270F63A455E9D /* [CP] Check Pods Manifest.lock */,
				7662A0102657A473008E8731 /* Sources */,
				7662A0112657A473008E8731 /* Frameworks */,
				7662A0122657A473008E8731 /* Resources */,
				24E834F0B511275CFE3070C6 /* [CP] Copy Pods Resources */,
			);
			buildRules = (
			);
			dependencies = (
			);
			name = Density;
			productName = Density;
			productReference = 7662A0142657A473008E8731 /* Density.app */;
			productType = "com.apple.product-type.application";
		};
		7662A02E2657A476008E8731 /* DensityTests */ = {
			isa = PBXNativeTarget;
			buildConfigurationList = 7662A0462657A476008E8731 /* Build configuration list for PBXNativeTarget "DensityTests" */;
			buildPhases = (
				7662A02B2657A476008E8731 /* Sources */,
				7662A02C2657A476008E8731 /* Frameworks */,
				7662A02D2657A476008E8731 /* Resources */,
			);
			buildRules = (
			);
			dependencies = (
				7662A0312657A476008E8731 /* PBXTargetDependency */,
			);
			name = DensityTests;
			productName = DensityTests;
			productReference = 7662A02F2657A476008E8731 /* DensityTests.xctest */;
			productType = "com.apple.product-type.bundle.unit-test";
		};
		7662A0392657A476008E8731 /* DensityUITests */ = {
			isa = PBXNativeTarget;
			buildConfigurationList = 7662A0492657A476008E8731 /* Build configuration list for PBXNativeTarget "DensityUITests" */;
			buildPhases = (
				7662A0362657A476008E8731 /* Sources */,
				7662A0372657A476008E8731 /* Frameworks */,
				7662A0382657A476008E8731 /* Resources */,
			);
			buildRules = (
			);
			dependencies = (
				7662A03C2657A476008E8731 /* PBXTargetDependency */,
			);
			name = DensityUITests;
			productName = DensityUITests;
			productReference = 7662A03A2657A476008E8731 /* DensityUITests.xctest */;
			productType = "com.apple.product-type.bundle.ui-testing";
		};
/* End PBXNativeTarget section */

/* Begin PBXProject section */
		7662A00C2657A473008E8731 /* Project object */ = {
			isa = PBXProject;
			attributes = {
				LastUpgradeCheck = 1240;
				TargetAttributes = {
					7662A0132657A473008E8731 = {
						CreatedOnToolsVersion = 12.4;
					};
					7662A02E2657A476008E8731 = {
						CreatedOnToolsVersion = 12.4;
						TestTargetID = 7662A0132657A473008E8731;
					};
					7662A0392657A476008E8731 = {
						CreatedOnToolsVersion = 12.4;
						TestTargetID = 7662A0132657A473008E8731;
					};
				};
			};
			buildConfigurationList = 7662A00F2657A473008E8731 /* Build configuration list for PBXProject "Density" */;
			compatibilityVersion = "Xcode 9.3";
			developmentRegion = en;
			hasScannedForEncodings = 0;
			knownRegions = (
				en,
				Base,
			);
			mainGroup = 7662A00B2657A473008E8731;
			productRefGroup = 7662A0152657A473008E8731 /* Products */;
			projectDirPath = "";
			projectRoot = "";
			targets = (
				7662A0132657A473008E8731 /* Density */,
				7662A02E2657A476008E8731 /* DensityTests */,
				7662A0392657A476008E8731 /* DensityUITests */,
			);
		};
/* End PBXProject section */

/* Begin PBXResourcesBuildPhase section */
		7662A0122657A473008E8731 /* Resources */ = {
			isa = PBXResourcesBuildPhase;
			buildActionMask = 2147483647;
			files = (
				7662A0272657A476008E8731 /* LaunchScreen.storyboard in Resources */,
				7662A0242657A476008E8731 /* Assets.xcassets in Resources */,
			);
			runOnlyForDeploymentPostprocessing = 0;
		};
		7662A02D2657A476008E8731 /* Resources */ = {
			isa = PBXResourcesBuildPhase;
			buildActionMask = 2147483647;
			files = (
			);
			runOnlyForDeploymentPostprocessing = 0;
		};
		7662A0382657A476008E8731 /* Resources */ = {
			isa = PBXResourcesBuildPhase;
			buildActionMask = 2147483647;
			files = (
			);
			runOnlyForDeploymentPostprocessing = 0;
		};
/* End PBXResourcesBuildPhase section */

/* Begin PBXShellScriptBuildPhase section */
		24E834F0B511275CFE3070C6 /* [CP] Copy Pods Resources */ = {
			isa = PBXShellScriptBuildPhase;
			buildActionMask = 2147483647;
			files = (
			);
			inputFileListPaths = (
				"${PODS_ROOT}/Target Support Files/Pods-Density/Pods-Density-resources-${CONFIGURATION}-input-files.xcfilelist",
			);
			name = "[CP] Copy Pods Resources";
			outputFileListPaths = (
				"${PODS_ROOT}/Target Support Files/Pods-Density/Pods-Density-resources-${CONFIGURATION}-output-files.xcfilelist",
			);
			runOnlyForDeploymentPostprocessing = 0;
			shellPath = /bin/sh;
			shellScript = "\"${PODS_ROOT}/Target Support Files/Pods-Density/Pods-Density-resources.sh\"\n";
			showEnvVarsInLog = 0;
		};
		637FE07D6E1270F63A455E9D /* [CP] Check Pods Manifest.lock */ = {
			isa = PBXShellScriptBuildPhase;
			buildActionMask = 2147483647;
			files = (
			);
			inputFileListPaths = (
			);
			inputPaths = (
				"${PODS_PODFILE_DIR_PATH}/Podfile.lock",
				"${PODS_ROOT}/Manifest.lock",
			);
			name = "[CP] Check Pods Manifest.lock";
			outputFileListPaths = (
			);
			outputPaths = (
				"$(DERIVED_FILE_DIR)/Pods-Density-checkManifestLockResult.txt",
			);
			runOnlyForDeploymentPostprocessing = 0;
			shellPath = /bin/sh;
			shellScript = "diff \"${PODS_PODFILE_DIR_PATH}/Podfile.lock\" \"${PODS_ROOT}/Manifest.lock\" > /dev/null\nif [ $? != 0 ] ; then\n    # print error to STDERR\n    echo \"error: The sandbox is not in sync with the Podfile.lock. Run 'pod install' or update your CocoaPods installation.\" >&2\n    exit 1\nfi\n# This output is used by Xcode 'outputs' to avoid re-running this script phase.\necho \"SUCCESS\" > \"${SCRIPT_OUTPUT_FILE_0}\"\n";
			showEnvVarsInLog = 0;
		};
/* End PBXShellScriptBuildPhase section */

/* Begin PBXSourcesBuildPhase section */
		7662A0102657A473008E8731 /* Sources */ = {
			isa = PBXSourcesBuildPhase;
			buildActionMask = 2147483647;
			files = (
				768192EC265B4B6E007DD13F /* MDTabBarTransition.m in Sources */,
				768193AB265B915C007DD13F /* MDRecordTableViewCell.m in Sources */,
				7681941A265BB3F6007DD13F /* MDPhotoBrowserModel.m in Sources */,
				76819558265E5EC3007DD13F /* MDRecordTableViewCommentCell.m in Sources */,
				76819552265E50B0007DD13F /* MDRecordTableViewInterflowCell.m in Sources */,
				7662A0192657A473008E8731 /* AppDelegate.m in Sources */,
				768193D6265BA3C6007DD13F /* MDRecordTableViewCellInterflowView.m in Sources */,
				7662A02A2657A476008E8731 /* main.m in Sources */,
				768193E2265BA460007DD13F /* MDRecordTableViewCellInputBoxView.m in Sources */,
				768192E6265B4B54007DD13F /* MDTabBarTransitionDelegate.m in Sources */,
				768193D0265B9ED1007DD13F /* MDRecordModel.m in Sources */,
				7662A0772657A4F3008E8731 /* MDChatViewController.m in Sources */,
				768194A2265D109B007DD13F /* MDRecordTableViewBaseCell.m in Sources */,
				7662A0782657A4F3008E8731 /* MDRootViewController.m in Sources */,
				7662A07B2657A4F3008E8731 /* MDBaseNavigationController.m in Sources */,
				76819472265CE1DB007DD13F /* MDPhotoBrowserViewCell.m in Sources */,
				768193C4265B9E92007DD13F /* MDRecordTableViewModel.m in Sources */,
				7662A07D2657A4F3008E8731 /* MDWordViewController.m in Sources */,
				768193CA265B9EBF007DD13F /* MDRecordViewModel.m in Sources */,
				7681954C265E4B5D007DD13F /* MDPhotoBrowserCollectionView.m in Sources */,
				76819420265BB452007DD13F /* MDPhotoBrowserConfigure.m in Sources */,
				768194DC265DFD2C007DD13F /* MDPhotoBrowserViewPlayManager.m in Sources */,
				7662A0792657A4F3008E8731 /* MDBaseViewController.m in Sources */,
				768194A8265D1257007DD13F /* MDRecordTableViewPhotoBrowserCell.m in Sources */,
				768193B4265B96C2007DD13F /* MDRecordTableViewCellTitleView.m in Sources */,
				7662A07C2657A4F3008E8731 /* MDRecordViewController.m in Sources */,
				768193E9265BA55A007DD13F /* MDRecordCommentView.m in Sources */,
				7662A07A2657A4F3008E8731 /* MDBaseTabBarController.m in Sources */,
			);
			runOnlyForDeploymentPostprocessing = 0;
		};
		7662A02B2657A476008E8731 /* Sources */ = {
			isa = PBXSourcesBuildPhase;
			buildActionMask = 2147483647;
			files = (
				7662A0342657A476008E8731 /* DensityTests.m in Sources */,
			);
			runOnlyForDeploymentPostprocessing = 0;
		};
		7662A0362657A476008E8731 /* Sources */ = {
			isa = PBXSourcesBuildPhase;
			buildActionMask = 2147483647;
			files = (
				7662A03F2657A476008E8731 /* DensityUITests.m in Sources */,
			);
			runOnlyForDeploymentPostprocessing = 0;
		};
/* End PBXSourcesBuildPhase section */

/* Begin PBXTargetDependency section */
		7662A0312657A476008E8731 /* PBXTargetDependency */ = {
			isa = PBXTargetDependency;
			target = 7662A0132657A473008E8731 /* Density */;
			targetProxy = 7662A0302657A476008E8731 /* PBXContainerItemProxy */;
		};
		7662A03C2657A476008E8731 /* PBXTargetDependency */ = {
			isa = PBXTargetDependency;
			target = 7662A0132657A473008E8731 /* Density */;
			targetProxy = 7662A03B2657A476008E8731 /* PBXContainerItemProxy */;
		};
/* End PBXTargetDependency section */

/* Begin PBXVariantGroup section */
		7662A0252657A476008E8731 /* LaunchScreen.storyboard */ = {
			isa = PBXVariantGroup;
			children = (
				7662A0262657A476008E8731 /* Base */,
			);
			name = LaunchScreen.storyboard;
			sourceTree = "<group>";
		};
/* End PBXVariantGroup section */

/* Begin XCBuildConfiguration section */
		7662A0412657A476008E8731 /* Debug */ = {
			isa = XCBuildConfiguration;
			buildSettings = {
				ALWAYS_SEARCH_USER_PATHS = NO;
				CLANG_ANALYZER_NONNULL = YES;
				CLANG_ANALYZER_NUMBER_OBJECT_CONVERSION = YES_AGGRESSIVE;
				CLANG_CXX_LANGUAGE_STANDARD = "gnu++14";
				CLANG_CXX_LIBRARY = "libc++";
				CLANG_ENABLE_MODULES = YES;
				CLANG_ENABLE_OBJC_ARC = YES;
				CLANG_ENABLE_OBJC_WEAK = YES;
				CLANG_WARN_BLOCK_CAPTURE_AUTORELEASING = YES;
				CLANG_WARN_BOOL_CONVERSION = YES;
				CLANG_WARN_COMMA = YES;
				CLANG_WARN_CONSTANT_CONVERSION = YES;
				CLANG_WARN_DEPRECATED_OBJC_IMPLEMENTATIONS = YES;
				CLANG_WARN_DIRECT_OBJC_ISA_USAGE = YES_ERROR;
				CLANG_WARN_DOCUMENTATION_COMMENTS = YES;
				CLANG_WARN_EMPTY_BODY = YES;
				CLANG_WARN_ENUM_CONVERSION = YES;
				CLANG_WARN_INFINITE_RECURSION = YES;
				CLANG_WARN_INT_CONVERSION = YES;
				CLANG_WARN_NON_LITERAL_NULL_CONVERSION = YES;
				CLANG_WARN_OBJC_IMPLICIT_RETAIN_SELF = YES;
				CLANG_WARN_OBJC_LITERAL_CONVERSION = YES;
				CLANG_WARN_OBJC_ROOT_CLASS = YES_ERROR;
				CLANG_WARN_QUOTED_INCLUDE_IN_FRAMEWORK_HEADER = YES;
				CLANG_WARN_RANGE_LOOP_ANALYSIS = YES;
				CLANG_WARN_STRICT_PROTOTYPES = YES;
				CLANG_WARN_SUSPICIOUS_MOVE = YES;
				CLANG_WARN_UNGUARDED_AVAILABILITY = YES_AGGRESSIVE;
				CLANG_WARN_UNREACHABLE_CODE = YES;
				CLANG_WARN__DUPLICATE_METHOD_MATCH = YES;
				COPY_PHASE_STRIP = NO;
				DEBUG_INFORMATION_FORMAT = dwarf;
				ENABLE_STRICT_OBJC_MSGSEND = YES;
				ENABLE_TESTABILITY = YES;
				GCC_C_LANGUAGE_STANDARD = gnu11;
				GCC_DYNAMIC_NO_PIC = NO;
				GCC_NO_COMMON_BLOCKS = YES;
				GCC_OPTIMIZATION_LEVEL = 0;
				GCC_PREPROCESSOR_DEFINITIONS = (
					"DEBUG=1",
					"$(inherited)",
				);
				GCC_WARN_64_TO_32_BIT_CONVERSION = YES;
				GCC_WARN_ABOUT_RETURN_TYPE = YES_ERROR;
				GCC_WARN_UNDECLARED_SELECTOR = YES;
				GCC_WARN_UNINITIALIZED_AUTOS = YES_AGGRESSIVE;
				GCC_WARN_UNUSED_FUNCTION = YES;
				GCC_WARN_UNUSED_VARIABLE = YES;
				IPHONEOS_DEPLOYMENT_TARGET = 14.4;
				MTL_ENABLE_DEBUG_INFO = INCLUDE_SOURCE;
				MTL_FAST_MATH = YES;
				ONLY_ACTIVE_ARCH = YES;
				SDKROOT = iphoneos;
			};
			name = Debug;
		};
		7662A0422657A476008E8731 /* Release */ = {
			isa = XCBuildConfiguration;
			buildSettings = {
				ALWAYS_SEARCH_USER_PATHS = NO;
				CLANG_ANALYZER_NONNULL = YES;
				CLANG_ANALYZER_NUMBER_OBJECT_CONVERSION = YES_AGGRESSIVE;
				CLANG_CXX_LANGUAGE_STANDARD = "gnu++14";
				CLANG_CXX_LIBRARY = "libc++";
				CLANG_ENABLE_MODULES = YES;
				CLANG_ENABLE_OBJC_ARC = YES;
				CLANG_ENABLE_OBJC_WEAK = YES;
				CLANG_WARN_BLOCK_CAPTURE_AUTORELEASING = YES;
				CLANG_WARN_BOOL_CONVERSION = YES;
				CLANG_WARN_COMMA = YES;
				CLANG_WARN_CONSTANT_CONVERSION = YES;
				CLANG_WARN_DEPRECATED_OBJC_IMPLEMENTATIONS = YES;
				CLANG_WARN_DIRECT_OBJC_ISA_USAGE = YES_ERROR;
				CLANG_WARN_DOCUMENTATION_COMMENTS = YES;
				CLANG_WARN_EMPTY_BODY = YES;
				CLANG_WARN_ENUM_CONVERSION = YES;
				CLANG_WARN_INFINITE_RECURSION = YES;
				CLANG_WARN_INT_CONVERSION = YES;
				CLANG_WARN_NON_LITERAL_NULL_CONVERSION = YES;
				CLANG_WARN_OBJC_IMPLICIT_RETAIN_SELF = YES;
				CLANG_WARN_OBJC_LITERAL_CONVERSION = YES;
				CLANG_WARN_OBJC_ROOT_CLASS = YES_ERROR;
				CLANG_WARN_QUOTED_INCLUDE_IN_FRAMEWORK_HEADER = YES;
				CLANG_WARN_RANGE_LOOP_ANALYSIS = YES;
				CLANG_WARN_STRICT_PROTOTYPES = YES;
				CLANG_WARN_SUSPICIOUS_MOVE = YES;
				CLANG_WARN_UNGUARDED_AVAILABILITY = YES_AGGRESSIVE;
				CLANG_WARN_UNREACHABLE_CODE = YES;
				CLANG_WARN__DUPLICATE_METHOD_MATCH = YES;
				COPY_PHASE_STRIP = NO;
				DEBUG_INFORMATION_FORMAT = "dwarf-with-dsym";
				ENABLE_NS_ASSERTIONS = NO;
				ENABLE_STRICT_OBJC_MSGSEND = YES;
				GCC_C_LANGUAGE_STANDARD = gnu11;
				GCC_NO_COMMON_BLOCKS = YES;
				GCC_WARN_64_TO_32_BIT_CONVERSION = YES;
				GCC_WARN_ABOUT_RETURN_TYPE = YES_ERROR;
				GCC_WARN_UNDECLARED_SELECTOR = YES;
				GCC_WARN_UNINITIALIZED_AUTOS = YES_AGGRESSIVE;
				GCC_WARN_UNUSED_FUNCTION = YES;
				GCC_WARN_UNUSED_VARIABLE = YES;
				IPHONEOS_DEPLOYMENT_TARGET = 14.4;
				MTL_ENABLE_DEBUG_INFO = NO;
				MTL_FAST_MATH = YES;
				SDKROOT = iphoneos;
				VALIDATE_PRODUCT = YES;
			};
			name = Release;
		};
		7662A0442657A476008E8731 /* Debug */ = {
			isa = XCBuildConfiguration;
			baseConfigurationReference = BF5E900096F4F4DF5476B37D /* Pods-Density.debug.xcconfig */;
			buildSettings = {
				ASSETCATALOG_COMPILER_APPICON_NAME = AppIcon;
				ASSETCATALOG_COMPILER_GLOBAL_ACCENT_COLOR_NAME = AccentColor;
				CODE_SIGN_STYLE = Automatic;
				DEVELOPMENT_TEAM = 3ZPP94SLYH;
				GCC_PRECOMPILE_PREFIX_HEADER = YES;
				GCC_PREFIX_HEADER = /Users/jiangweidong/Desktop/demo/Density/Density/Density/Commons/MDPrefixHeader.pch;
				INFOPLIST_FILE = Density/MainInfos/Info.plist;
				IPHONEOS_DEPLOYMENT_TARGET = 11.0;
				LD_RUNPATH_SEARCH_PATHS = (
					"$(inherited)",
					"@executable_path/Frameworks",
				);
				PRODUCT_BUNDLE_IDENTIFIER = com.znxh.Density;
				PRODUCT_NAME = "$(TARGET_NAME)";
				TARGETED_DEVICE_FAMILY = "1,2";
			};
			name = Debug;
		};
		7662A0452657A476008E8731 /* Release */ = {
			isa = XCBuildConfiguration;
			baseConfigurationReference = BC0F6E51069E5B77730111B3 /* Pods-Density.release.xcconfig */;
			buildSettings = {
				ASSETCATALOG_COMPILER_APPICON_NAME = AppIcon;
				ASSETCATALOG_COMPILER_GLOBAL_ACCENT_COLOR_NAME = AccentColor;
				CODE_SIGN_STYLE = Automatic;
				DEVELOPMENT_TEAM = 3ZPP94SLYH;
				GCC_PRECOMPILE_PREFIX_HEADER = YES;
				GCC_PREFIX_HEADER = /Users/jiangweidong/Desktop/demo/Density/Density/Density/Commons/MDPrefixHeader.pch;
				INFOPLIST_FILE = Density/MainInfos/Info.plist;
				IPHONEOS_DEPLOYMENT_TARGET = 11.0;
				LD_RUNPATH_SEARCH_PATHS = (
					"$(inherited)",
					"@executable_path/Frameworks",
				);
				PRODUCT_BUNDLE_IDENTIFIER = com.znxh.Density;
				PRODUCT_NAME = "$(TARGET_NAME)";
				TARGETED_DEVICE_FAMILY = "1,2";
			};
			name = Release;
		};
		7662A0472657A476008E8731 /* Debug */ = {
			isa = XCBuildConfiguration;
			buildSettings = {
				BUNDLE_LOADER = "$(TEST_HOST)";
				CODE_SIGN_STYLE = Automatic;
				DEVELOPMENT_TEAM = 3ZPP94SLYH;
				INFOPLIST_FILE = DensityTests/Info.plist;
				IPHONEOS_DEPLOYMENT_TARGET = 14.4;
				LD_RUNPATH_SEARCH_PATHS = (
					"$(inherited)",
					"@executable_path/Frameworks",
					"@loader_path/Frameworks",
				);
				PRODUCT_BUNDLE_IDENTIFIER = com.znxh.DensityTests;
				PRODUCT_NAME = "$(TARGET_NAME)";
				TARGETED_DEVICE_FAMILY = "1,2";
				TEST_HOST = "$(BUILT_PRODUCTS_DIR)/Density.app/Density";
			};
			name = Debug;
		};
		7662A0482657A476008E8731 /* Release */ = {
			isa = XCBuildConfiguration;
			buildSettings = {
				BUNDLE_LOADER = "$(TEST_HOST)";
				CODE_SIGN_STYLE = Automatic;
				DEVELOPMENT_TEAM = 3ZPP94SLYH;
				INFOPLIST_FILE = DensityTests/Info.plist;
				IPHONEOS_DEPLOYMENT_TARGET = 14.4;
				LD_RUNPATH_SEARCH_PATHS = (
					"$(inherited)",
					"@executable_path/Frameworks",
					"@loader_path/Frameworks",
				);
				PRODUCT_BUNDLE_IDENTIFIER = com.znxh.DensityTests;
				PRODUCT_NAME = "$(TARGET_NAME)";
				TARGETED_DEVICE_FAMILY = "1,2";
				TEST_HOST = "$(BUILT_PRODUCTS_DIR)/Density.app/Density";
			};
			name = Release;
		};
		7662A04A2657A476008E8731 /* Debug */ = {
			isa = XCBuildConfiguration;
			buildSettings = {
				CODE_SIGN_STYLE = Automatic;
				DEVELOPMENT_TEAM = 3ZPP94SLYH;
				INFOPLIST_FILE = DensityUITests/Info.plist;
				LD_RUNPATH_SEARCH_PATHS = (
					"$(inherited)",
					"@executable_path/Frameworks",
					"@loader_path/Frameworks",
				);
				PRODUCT_BUNDLE_IDENTIFIER = com.znxh.DensityUITests;
				PRODUCT_NAME = "$(TARGET_NAME)";
				TARGETED_DEVICE_FAMILY = "1,2";
				TEST_TARGET_NAME = Density;
			};
			name = Debug;
		};
		7662A04B2657A476008E8731 /* Release */ = {
			isa = XCBuildConfiguration;
			buildSettings = {
				CODE_SIGN_STYLE = Automatic;
				DEVELOPMENT_TEAM = 3ZPP94SLYH;
				INFOPLIST_FILE = DensityUITests/Info.plist;
				LD_RUNPATH_SEARCH_PATHS = (
					"$(inherited)",
					"@executable_path/Frameworks",
					"@loader_path/Frameworks",
				);
				PRODUCT_BUNDLE_IDENTIFIER = com.znxh.DensityUITests;
				PRODUCT_NAME = "$(TARGET_NAME)";
				TARGETED_DEVICE_FAMILY = "1,2";
				TEST_TARGET_NAME = Density;
			};
			name = Release;
		};
/* End XCBuildConfiguration section */

/* Begin XCConfigurationList section */
		7662A00F2657A473008E8731 /* Build configuration list for PBXProject "Density" */ = {
			isa = XCConfigurationList;
			buildConfigurations = (
				7662A0412657A476008E8731 /* Debug */,
				7662A0422657A476008E8731 /* Release */,
			);
			defaultConfigurationIsVisible = 0;
			defaultConfigurationName = Release;
		};
		7662A0432657A476008E8731 /* Build configuration list for PBXNativeTarget "Density" */ = {
			isa = XCConfigurationList;
			buildConfigurations = (
				7662A0442657A476008E8731 /* Debug */,
				7662A0452657A476008E8731 /* Release */,
			);
			defaultConfigurationIsVisible = 0;
			defaultConfigurationName = Release;
		};
		7662A0462657A476008E8731 /* Build configuration list for PBXNativeTarget "DensityTests" */ = {
			isa = XCConfigurationList;
			buildConfigurations = (
				7662A0472657A476008E8731 /* Debug */,
				7662A0482657A476008E8731 /* Release */,
			);
			defaultConfigurationIsVisible = 0;
			defaultConfigurationName = Release;
		};
		7662A0492657A476008E8731 /* Build configuration list for PBXNativeTarget "DensityUITests" */ = {
			isa = XCConfigurationList;
			buildConfigurations = (
				7662A04A2657A476008E8731 /* Debug */,
				7662A04B2657A476008E8731 /* Release */,
			);
			defaultConfigurationIsVisible = 0;
			defaultConfigurationName = Release;
		};
/* End XCConfigurationList section */
	};
	rootObject = 7662A00C2657A473008E8731 /* Project object */;
}
